
Microsoft Visual Studio Solution File, Format Version 12.00
# Visual Studio Version 16
VisualStudioVersion = 16.0.30204.135
MinimumVisualStudioVersion = 10.0.40219.1
Project("{8BC9CEB8-8B4A-11D0-8D11-00A0C91BC942}") = "CrooEngine", "CrooEngine.vcxproj", "{B8437D90-426F-4C77-ACB2-6F61AECD482C}"
EndProject
Global
	GlobalSection(SolutionConfigurationPlatforms) = preSolution
		Debug|x64 = Debug|x64
		Debug|x86 = Debug|x86
		Release|x64 = Release|x64
		Release|x86 = Release|x86
	EndGlobalSection
	GlobalSection(ProjectConfigurationPlatforms) = postSolution
		{B8437D90-426F-4C77-ACB2-6F61AECD482C}.Debug|x64.ActiveCfg = Debug|x64
		{B8437D90-426F-4C77-ACB2-6F61AECD482C}.Debug|x64.Build.0 = Debug|x64
		{B8437D90-426F-4C77-ACB2-6F61AECD482C}.Debug|x86.ActiveCfg = Debug|Win32
		{B8437D90-426F-4C77-ACB2-6F61AECD482C}.Debug|x86.Build.0 = Debug|Win32
		{B8437D90-426F-4C77-ACB2-6F61AECD482C}.Release|x64.ActiveCfg = Release|x64
		{B8437D90-426F-4C77-ACB2-6F61AECD482C}.Release|x64.Build.0 = Release|x64
		{B8437D90-426F-4C77-ACB2-6F61AECD482C}.Release|x86.ActiveCfg = Release|Win32
		{B8437D90-426F-4C77-ACB2-6F61AECD482C}.Release|x86.Build.0 = Release|Win32
	EndGlobalSection
	GlobalSection(SolutionProperties) = preSolution
		HideSolutionNode = FALSE
	EndGlobalSection
	GlobalSection(ExtensibilityGlobals) = postSolution
		SolutionGuid = {F29C0A43-0443-415E-ACD0-B9E9A81B7B1D}
	EndGlobalSection
EndGlobal
